
Microsoft Visual Studio Solution File, Format Version 12.00
# Visual Studio Version 16
VisualStudioVersion = 16.0.29709.97
MinimumVisualStudioVersion = 10.0.40219.1
Project("{FAE04EC0-301F-11D3-BF4B-00C04F79EFBC}") = "Labs4Code", "Labs4Code\Labs4Code.csproj", "{90B10A25-1424-48DE-81C1-444E7B726653}"
EndProject
Global
	GlobalSection(SolutionConfigurationPlatforms) = preSolution
		Debug|Any CPU = Debug|Any CPU
		Release|Any CPU = Release|Any CPU
	EndGlobalSection
	GlobalSection(ProjectConfigurationPlatforms) = postSolution
		{90B10A25-1424-48DE-81C1-444E7B726653}.Debug|Any CPU.ActiveCfg = Debug|Any CPU
		{90B10A25-1424-48DE-81C1-444E7B726653}.Debug|Any CPU.Build.0 = Debug|Any CPU
		{90B10A25-1424-48DE-81C1-444E7B726653}.Release|Any CPU.ActiveCfg = Release|Any CPU
		{90B10A25-1424-48DE-81C1-444E7B726653}.Release|Any CPU.Build.0 = Release|Any CPU
	EndGlobalSection
	GlobalSection(SolutionProperties) = preSolution
		HideSolutionNode = FALSE
	EndGlobalSection
	GlobalSection(ExtensibilityGlobals) = postSolution
		SolutionGuid = {7520DDA3-67AF-4241-BC14-54BAF9D3B83F}
	EndGlobalSection
EndGlobal
